# @generated - this file is auto-generated by `mise lock` https://mise.en.dev/dev-tools/mise-lock.html

[[tools.dotnet]]
version = "10.0.300"
backend = "core:dotnet"

[[tools."github:microsoft/apm"]]
version = "0.22.0"
backend = "github:microsoft/apm"

[tools."github:microsoft/apm"."platforms.linux-arm64"]
checksum = "sha256:557feb48401d5e6cd7f6bdba4b6c975a234f444bc511188725d01b04d3e1a2d8"
url = "https://github.com/microsoft/apm/releases/download/v0.22.0/apm-linux-arm64.tar.gz"
url_api = "https://api.github.com/repos/microsoft/apm/releases/assets/458426728"

[tools."github:microsoft/apm"."platforms.linux-arm64-musl"]
checksum = "sha256:557feb48401d5e6cd7f6bdba4b6c975a234f444bc511188725d01b04d3e1a2d8"
url = "https://github.com/microsoft/apm/releases/download/v0.22.0/apm-linux-arm64.tar.gz"
url_api = "https://api.github.com/repos/microsoft/apm/releases/assets/458426728"

[tools."github:microsoft/apm"."platforms.linux-x64"]
checksum = "sha256:1e52967b78f7dbc980f75dbd5dcf69ee21b6f1a8da6832a323719f7fd5996f49"
url = "https://github.com/microsoft/apm/releases/download/v0.22.0/apm-linux-x86_64.tar.gz"
url_api = "https://api.github.com/repos/microsoft/apm/releases/assets/458426733"

[tools."github:microsoft/apm"."platforms.linux-x64-musl"]
checksum = "sha256:1e52967b78f7dbc980f75dbd5dcf69ee21b6f1a8da6832a323719f7fd5996f49"
url = "https://github.com/microsoft/apm/releases/download/v0.22.0/apm-linux-x86_64.tar.gz"
url_api = "https://api.github.com/repos/microsoft/apm/releases/assets/458426733"

[tools."github:microsoft/apm"."platforms.macos-arm64"]
checksum = "sha256:d1417e7d0d3fc4746392403670a55847364aa7db918f6c374bff6cce95759665"
url = "https://github.com/microsoft/apm/releases/download/v0.22.0/apm-darwin-arm64.tar.gz"
url_api = "https://api.github.com/repos/microsoft/apm/releases/assets/458426730"

[tools."github:microsoft/apm"."platforms.macos-x64"]
checksum = "sha256:87f1e8f870bc6bf1d77a755d315e238975c7815b6ff96070c148fb96ad2c547d"
url = "https://github.com/microsoft/apm/releases/download/v0.22.0/apm-darwin-x86_64.tar.gz"
url_api = "https://api.github.com/repos/microsoft/apm/releases/assets/458426729"

[tools."github:microsoft/apm"."platforms.windows-x64"]
checksum = "sha256:ab6327d9035324fe726677a258dceb25041d333854e436aec7c88e4c3cc62824"
url = "https://github.com/microsoft/apm/releases/download/v0.22.0/apm-windows-x86_64.zip"
url_api = "https://api.github.com/repos/microsoft/apm/releases/assets/458426732"

[[tools.node]]
version = "24.15.0"
backend = "core:node"

[tools.node."platforms.linux-arm64"]
checksum = "sha256:73afc234d558c24919875f51c2d1ea002a2ada4ea6f83601a383869fefa64eed"
url = "https://nodejs.org/dist/v24.15.0/node-v24.15.0-linux-arm64.tar.gz"

[tools.node."platforms.linux-arm64-musl"]
checksum = "sha256:31e98aa960a067da91edffd5d93bc46657b5d2a8029612c359f5f2ac0060152a"
url = "https://unofficial-builds.nodejs.org/download/release/v24.15.0/node-v24.15.0-linux-arm64-musl.tar.gz"

[tools.node."platforms.linux-x64"]
checksum = "sha256:44836872d9aec49f1e6b52a9a922872db9a2b02d235a616a5681b6a85fec8d89"
url = "https://nodejs.org/dist/v24.15.0/node-v24.15.0-linux-x64.tar.gz"

[tools.node."platforms.linux-x64-musl"]
checksum = "sha256:f55af5bd489c5347b113ca6594cae00a54b30ba57ac5875324311bfc6f4762e3"
url = "https://unofficial-builds.nodejs.org/download/release/v24.15.0/node-v24.15.0-linux-x64-musl.tar.gz"

[tools.node."platforms.macos-arm64"]
checksum = "sha256:372331b969779ab5d15b949884fc6eaf88d5afe87bde8ba881d6400b9100ffc4"
url = "https://nodejs.org/dist/v24.15.0/node-v24.15.0-darwin-arm64.tar.gz"

[tools.node."platforms.macos-x64"]
checksum = "sha256:ffd5ee293467927f3ee731a553eb88fd1f48cf74eebc2d74a6babe4af228673b"
url = "https://nodejs.org/dist/v24.15.0/node-v24.15.0-darwin-x64.tar.gz"

[tools.node."platforms.windows-x64"]
checksum = "sha256:cc5149eabd53779ce1e7bdc5401643622d0c7e6800ade18928a767e940bb0e62"
url = "https://nodejs.org/dist/v24.15.0/node-v24.15.0-win-x64.zip"

[[tools.pkl]]
version = "0.31.1"
backend = "aqua:apple/pkl"

[tools.pkl."platforms.linux-arm64"]
checksum = "sha256:7ef10e743daa921fb94ae7bdb9ec6986f362bf250c55814b9ea2aeb13f2d083e"
url = "https://github.com/apple/pkl/releases/download/0.31.1/pkl-linux-aarch64"

[tools.pkl."platforms.linux-arm64-musl"]
checksum = "sha256:7ef10e743daa921fb94ae7bdb9ec6986f362bf250c55814b9ea2aeb13f2d083e"
url = "https://github.com/apple/pkl/releases/download/0.31.1/pkl-linux-aarch64"

[tools.pkl."platforms.linux-x64"]
checksum = "sha256:618f13955d755cafbfe8c9cba1d27635848cd49dbc6abffd398d2751db1231bf"
url = "https://github.com/apple/pkl/releases/download/0.31.1/pkl-linux-amd64"

[tools.pkl."platforms.linux-x64-musl"]
checksum = "sha256:618f13955d755cafbfe8c9cba1d27635848cd49dbc6abffd398d2751db1231bf"
url = "https://github.com/apple/pkl/releases/download/0.31.1/pkl-linux-amd64"

[tools.pkl."platforms.macos-arm64"]
checksum = "sha256:1b6a5438d9624cd2798a7530721bbbfa27ef72efe5c878a1b6c546c6e7ca0e8f"
url = "https://github.com/apple/pkl/releases/download/0.31.1/pkl-macos-aarch64"

[tools.pkl."platforms.macos-x64"]
checksum = "sha256:22123ed4ae4c03afa8c54c69f77f0bec39b0fa0f67b09d6d148e0a376a2a471d"
url = "https://github.com/apple/pkl/releases/download/0.31.1/pkl-macos-amd64"

[tools.pkl."platforms.windows-x64"]
checksum = "sha256:a8834481667325b44c539dbb758d7365a16389070f343c04b639bbe525ede013"
url = "https://github.com/apple/pkl/releases/download/0.31.1/pkl-windows-amd64.exe"

[[tools.pnpm]]
version = "10.34.4"
backend = "aqua:pnpm/pnpm"

[tools.pnpm."platforms.linux-arm64"]
checksum = "sha256:ce2d6fab96baf07e42ebf6d567251de4c4c4afb370321167758e76c135340c0e"
url = "https://github.com/pnpm/pnpm/releases/download/v10.34.4/pnpm-linux-arm64"

[tools.pnpm."platforms.linux-arm64-musl"]
checksum = "sha256:ce2d6fab96baf07e42ebf6d567251de4c4c4afb370321167758e76c135340c0e"
url = "https://github.com/pnpm/pnpm/releases/download/v10.34.4/pnpm-linux-arm64"

[tools.pnpm."platforms.linux-x64"]
checksum = "sha256:e02c01738ce850754cf00111fd97bec24de550e1e963690486f02d9dae1a2193"
url = "https://github.com/pnpm/pnpm/releases/download/v10.34.4/pnpm-linux-x64"

[tools.pnpm."platforms.linux-x64-musl"]
checksum = "sha256:e02c01738ce850754cf00111fd97bec24de550e1e963690486f02d9dae1a2193"
url = "https://github.com/pnpm/pnpm/releases/download/v10.34.4/pnpm-linux-x64"

[tools.pnpm."platforms.macos-arm64"]
checksum = "sha256:b7cb7383c51fe78d10d6e81f96ed4f512f9e756be6edd781dac174f42476a9f8"
url = "https://github.com/pnpm/pnpm/releases/download/v10.34.4/pnpm-macos-arm64"

[tools.pnpm."platforms.macos-x64"]
checksum = "sha256:dd1b9ef5011e20ecad56383b8b650b19b9827575da88ba0aac9ef3600f8a349e"
url = "https://github.com/pnpm/pnpm/releases/download/v10.34.4/pnpm-macos-x64"

[tools.pnpm."platforms.windows-x64"]
checksum = "sha256:e1b959b96e26fea7b8f46004d586327b418c8a3611c4bff7942ffc7401b2114a"
url = "https://github.com/pnpm/pnpm/releases/download/v10.34.4/pnpm-win-x64.exe"

[[tools.powershell]]
version = "7.6.1"
backend = "aqua:PowerShell/PowerShell"

[tools.powershell."platforms.linux-arm64"]
checksum = "sha256:73498813194ea0d849d5942332ee6e51657ea66da08216aa1050788d5c52b741"
url = "https://github.com/PowerShell/PowerShell/releases/download/v7.6.1/powershell-7.6.1-linux-arm64.tar.gz"

[tools.powershell."platforms.linux-arm64-musl"]
checksum = "sha256:73498813194ea0d849d5942332ee6e51657ea66da08216aa1050788d5c52b741"
url = "https://github.com/PowerShell/PowerShell/releases/download/v7.6.1/powershell-7.6.1-linux-arm64.tar.gz"

[tools.powershell."platforms.linux-x64"]
checksum = "sha256:dfc94229767921603f7c3e1cb1ac5aa931448af7496ccf657723b6278057c415"
url = "https://github.com/PowerShell/PowerShell/releases/download/v7.6.1/powershell-7.6.1-linux-x64.tar.gz"

[tools.powershell."platforms.linux-x64-musl"]
checksum = "sha256:de3d33ee123b442da258ecabf7524d76f701e0ec7de8db12b4caf88c3ca8169b"
url = "https://github.com/PowerShell/PowerShell/releases/download/v7.6.1/powershell-7.6.1-linux-musl-x64.tar.gz"

[tools.powershell."platforms.macos-arm64"]
checksum = "sha256:9e1078f70b11c40e10f4bad1354db1cdcaf38cd6775fcf40e0738e3f5ac6807e"
url = "https://github.com/PowerShell/PowerShell/releases/download/v7.6.1/powershell-7.6.1-osx-arm64.tar.gz"

[tools.powershell."platforms.macos-x64"]
checksum = "sha256:b5f874a832bec2ba78cd3e44fdbcb04c1b6144d9eab42b9881cb8b9400bcc504"
url = "https://github.com/PowerShell/PowerShell/releases/download/v7.6.1/powershell-7.6.1-osx-x64.tar.gz"

[tools.powershell."platforms.windows-x64"]
checksum = "sha256:b5c9e8457ca7df4998abe3cc2c58e6dd4005ad1b4c5320bbac86244a747db91d"
url = "https://github.com/PowerShell/PowerShell/releases/download/v7.6.1/PowerShell-7.6.1-win-x64.zip"
