
Microsoft Visual Studio Solution File, Format Version 12.00
# Visual Studio Version 17
VisualStudioVersion = 17.0.31903.59
MinimumVisualStudioVersion = 10.0.40219.1
Project("{2150E333-8FDC-42A3-9474-1A3956D46DE8}") = "src", "src", "{827E0CD3-B72D-47B6-A68D-7590B98EB39B}"
EndProject
Project("{FAE04EC0-301F-11D3-BF4B-00C04F79EFBC}") = "P4G.SaveTool.Domain", "src\P4G.SaveTool.Domain\P4G.SaveTool.Domain.csproj", "{425912D1-1C44-4A06-B10C-A64A539F6091}"
EndProject
Project("{FAE04EC0-301F-11D3-BF4B-00C04F79EFBC}") = "P4G.SaveTool.Catalog", "src\P4G.SaveTool.Catalog\P4G.SaveTool.Catalog.csproj", "{8BDC0504-7C0E-495A-9304-1F5D699CD119}"
EndProject
Project("{FAE04EC0-301F-11D3-BF4B-00C04F79EFBC}") = "P4G.SaveTool.Contracts", "src\P4G.SaveTool.Contracts\P4G.SaveTool.Contracts.csproj", "{9FD20B2D-7D5C-4018-8F16-DCB5EC067F05}"
EndProject
Project("{FAE04EC0-301F-11D3-BF4B-00C04F79EFBC}") = "P4G.SaveTool.SaveFormat", "src\P4G.SaveTool.SaveFormat\P4G.SaveTool.SaveFormat.csproj", "{85B7AE44-2589-46C8-B814-FCFACF51E15D}"
EndProject
Project("{FAE04EC0-301F-11D3-BF4B-00C04F79EFBC}") = "P4G.SaveTool.Application", "src\P4G.SaveTool.Application\P4G.SaveTool.Application.csproj", "{84DE331E-A33D-4965-876C-4AA755029B86}"
EndProject
Project("{FAE04EC0-301F-11D3-BF4B-00C04F79EFBC}") = "P4G.SaveTool.Presentation", "src\P4G.SaveTool.Presentation\P4G.SaveTool.Presentation.csproj", "{B5432D15-8DF6-4060-94A9-530E7404BABF}"
EndProject
Global
	GlobalSection(SolutionConfigurationPlatforms) = preSolution
		Debug|Any CPU = Debug|Any CPU
		Debug|x64 = Debug|x64
		Debug|x86 = Debug|x86
		Release|Any CPU = Release|Any CPU
		Release|x64 = Release|x64
		Release|x86 = Release|x86
	EndGlobalSection
	GlobalSection(ProjectConfigurationPlatforms) = postSolution
		{425912D1-1C44-4A06-B10C-A64A539F6091}.Debug|Any CPU.ActiveCfg = Debug|Any CPU
		{425912D1-1C44-4A06-B10C-A64A539F6091}.Debug|Any CPU.Build.0 = Debug|Any CPU
		{425912D1-1C44-4A06-B10C-A64A539F6091}.Debug|x64.ActiveCfg = Debug|Any CPU
		{425912D1-1C44-4A06-B10C-A64A539F6091}.Debug|x64.Build.0 = Debug|Any CPU
		{425912D1-1C44-4A06-B10C-A64A539F6091}.Debug|x86.ActiveCfg = Debug|Any CPU
		{425912D1-1C44-4A06-B10C-A64A539F6091}.Debug|x86.Build.0 = Debug|Any CPU
		{425912D1-1C44-4A06-B10C-A64A539F6091}.Release|Any CPU.ActiveCfg = Release|Any CPU
		{425912D1-1C44-4A06-B10C-A64A539F6091}.Release|Any CPU.Build.0 = Release|Any CPU
		{425912D1-1C44-4A06-B10C-A64A539F6091}.Release|x64.ActiveCfg = Release|Any CPU
		{425912D1-1C44-4A06-B10C-A64A539F6091}.Release|x64.Build.0 = Release|Any CPU
		{425912D1-1C44-4A06-B10C-A64A539F6091}.Release|x86.ActiveCfg = Release|Any CPU
		{425912D1-1C44-4A06-B10C-A64A539F6091}.Release|x86.Build.0 = Release|Any CPU
		{8BDC0504-7C0E-495A-9304-1F5D699CD119}.Debug|Any CPU.ActiveCfg = Debug|Any CPU
		{8BDC0504-7C0E-495A-9304-1F5D699CD119}.Debug|Any CPU.Build.0 = Debug|Any CPU
		{8BDC0504-7C0E-495A-9304-1F5D699CD119}.Debug|x64.ActiveCfg = Debug|Any CPU
		{8BDC0504-7C0E-495A-9304-1F5D699CD119}.Debug|x64.Build.0 = Debug|Any CPU
		{8BDC0504-7C0E-495A-9304-1F5D699CD119}.Debug|x86.ActiveCfg = Debug|Any CPU
		{8BDC0504-7C0E-495A-9304-1F5D699CD119}.Debug|x86.Build.0 = Debug|Any CPU
		{8BDC0504-7C0E-495A-9304-1F5D699CD119}.Release|Any CPU.ActiveCfg = Release|Any CPU
		{8BDC0504-7C0E-495A-9304-1F5D699CD119}.Release|Any CPU.Build.0 = Release|Any CPU
		{8BDC0504-7C0E-495A-9304-1F5D699CD119}.Release|x64.ActiveCfg = Release|Any CPU
		{8BDC0504-7C0E-495A-9304-1F5D699CD119}.Release|x64.Build.0 = Release|Any CPU
		{8BDC0504-7C0E-495A-9304-1F5D699CD119}.Release|x86.ActiveCfg = Release|Any CPU
		{8BDC0504-7C0E-495A-9304-1F5D699CD119}.Release|x86.Build.0 = Release|Any CPU
		{9FD20B2D-7D5C-4018-8F16-DCB5EC067F05}.Debug|Any CPU.ActiveCfg = Debug|Any CPU
		{9FD20B2D-7D5C-4018-8F16-DCB5EC067F05}.Debug|Any CPU.Build.0 = Debug|Any CPU
		{9FD20B2D-7D5C-4018-8F16-DCB5EC067F05}.Debug|x64.ActiveCfg = Debug|Any CPU
		{9FD20B2D-7D5C-4018-8F16-DCB5EC067F05}.Debug|x64.Build.0 = Debug|Any CPU
		{9FD20B2D-7D5C-4018-8F16-DCB5EC067F05}.Debug|x86.ActiveCfg = Debug|Any CPU
		{9FD20B2D-7D5C-4018-8F16-DCB5EC067F05}.Debug|x86.Build.0 = Debug|Any CPU
		{9FD20B2D-7D5C-4018-8F16-DCB5EC067F05}.Release|Any CPU.ActiveCfg = Release|Any CPU
		{9FD20B2D-7D5C-4018-8F16-DCB5EC067F05}.Release|Any CPU.Build.0 = Release|Any CPU
		{9FD20B2D-7D5C-4018-8F16-DCB5EC067F05}.Release|x64.ActiveCfg = Release|Any CPU
		{9FD20B2D-7D5C-4018-8F16-DCB5EC067F05}.Release|x64.Build.0 = Release|Any CPU
		{9FD20B2D-7D5C-4018-8F16-DCB5EC067F05}.Release|x86.ActiveCfg = Release|Any CPU
		{9FD20B2D-7D5C-4018-8F16-DCB5EC067F05}.Release|x86.Build.0 = Release|Any CPU
		{85B7AE44-2589-46C8-B814-FCFACF51E15D}.Debug|Any CPU.ActiveCfg = Debug|Any CPU
		{85B7AE44-2589-46C8-B814-FCFACF51E15D}.Debug|Any CPU.Build.0 = Debug|Any CPU
		{85B7AE44-2589-46C8-B814-FCFACF51E15D}.Debug|x64.ActiveCfg = Debug|Any CPU
		{85B7AE44-2589-46C8-B814-FCFACF51E15D}.Debug|x64.Build.0 = Debug|Any CPU
		{85B7AE44-2589-46C8-B814-FCFACF51E15D}.Debug|x86.ActiveCfg = Debug|Any CPU
		{85B7AE44-2589-46C8-B814-FCFACF51E15D}.Debug|x86.Build.0 = Debug|Any CPU
		{85B7AE44-2589-46C8-B814-FCFACF51E15D}.Release|Any CPU.ActiveCfg = Release|Any CPU
		{85B7AE44-2589-46C8-B814-FCFACF51E15D}.Release|Any CPU.Build.0 = Release|Any CPU
		{85B7AE44-2589-46C8-B814-FCFACF51E15D}.Release|x64.ActiveCfg = Release|Any CPU
		{85B7AE44-2589-46C8-B814-FCFACF51E15D}.Release|x64.Build.0 = Release|Any CPU
		{85B7AE44-2589-46C8-B814-FCFACF51E15D}.Release|x86.ActiveCfg = Release|Any CPU
		{85B7AE44-2589-46C8-B814-FCFACF51E15D}.Release|x86.Build.0 = Release|Any CPU
		{84DE331E-A33D-4965-876C-4AA755029B86}.Debug|Any CPU.ActiveCfg = Debug|Any CPU
		{84DE331E-A33D-4965-876C-4AA755029B86}.Debug|Any CPU.Build.0 = Debug|Any CPU
		{84DE331E-A33D-4965-876C-4AA755029B86}.Debug|x64.ActiveCfg = Debug|Any CPU
		{84DE331E-A33D-4965-876C-4AA755029B86}.Debug|x64.Build.0 = Debug|Any CPU
		{84DE331E-A33D-4965-876C-4AA755029B86}.Debug|x86.ActiveCfg = Debug|Any CPU
		{84DE331E-A33D-4965-876C-4AA755029B86}.Debug|x86.Build.0 = Debug|Any CPU
		{84DE331E-A33D-4965-876C-4AA755029B86}.Release|Any CPU.ActiveCfg = Release|Any CPU
		{84DE331E-A33D-4965-876C-4AA755029B86}.Release|Any CPU.Build.0 = Release|Any CPU
		{84DE331E-A33D-4965-876C-4AA755029B86}.Release|x64.ActiveCfg = Release|Any CPU
		{84DE331E-A33D-4965-876C-4AA755029B86}.Release|x64.Build.0 = Release|Any CPU
		{84DE331E-A33D-4965-876C-4AA755029B86}.Release|x86.ActiveCfg = Release|Any CPU
		{84DE331E-A33D-4965-876C-4AA755029B86}.Release|x86.Build.0 = Release|Any CPU
		{B5432D15-8DF6-4060-94A9-530E7404BABF}.Debug|Any CPU.ActiveCfg = Debug|Any CPU
		{B5432D15-8DF6-4060-94A9-530E7404BABF}.Debug|Any CPU.Build.0 = Debug|Any CPU
		{B5432D15-8DF6-4060-94A9-530E7404BABF}.Debug|x64.ActiveCfg = Debug|Any CPU
		{B5432D15-8DF6-4060-94A9-530E7404BABF}.Debug|x64.Build.0 = Debug|Any CPU
		{B5432D15-8DF6-4060-94A9-530E7404BABF}.Debug|x86.ActiveCfg = Debug|Any CPU
		{B5432D15-8DF6-4060-94A9-530E7404BABF}.Debug|x86.Build.0 = Debug|Any CPU
		{B5432D15-8DF6-4060-94A9-530E7404BABF}.Release|Any CPU.ActiveCfg = Release|Any CPU
		{B5432D15-8DF6-4060-94A9-530E7404BABF}.Release|Any CPU.Build.0 = Release|Any CPU
		{B5432D15-8DF6-4060-94A9-530E7404BABF}.Release|x64.ActiveCfg = Release|Any CPU
		{B5432D15-8DF6-4060-94A9-530E7404BABF}.Release|x64.Build.0 = Release|Any CPU
		{B5432D15-8DF6-4060-94A9-530E7404BABF}.Release|x86.ActiveCfg = Release|Any CPU
		{B5432D15-8DF6-4060-94A9-530E7404BABF}.Release|x86.Build.0 = Release|Any CPU
	EndGlobalSection
	GlobalSection(SolutionProperties) = preSolution
		HideSolutionNode = FALSE
	EndGlobalSection
	GlobalSection(NestedProjects) = preSolution
		{425912D1-1C44-4A06-B10C-A64A539F6091} = {827E0CD3-B72D-47B6-A68D-7590B98EB39B}
		{8BDC0504-7C0E-495A-9304-1F5D699CD119} = {827E0CD3-B72D-47B6-A68D-7590B98EB39B}
		{9FD20B2D-7D5C-4018-8F16-DCB5EC067F05} = {827E0CD3-B72D-47B6-A68D-7590B98EB39B}
		{85B7AE44-2589-46C8-B814-FCFACF51E15D} = {827E0CD3-B72D-47B6-A68D-7590B98EB39B}
		{84DE331E-A33D-4965-876C-4AA755029B86} = {827E0CD3-B72D-47B6-A68D-7590B98EB39B}
		{B5432D15-8DF6-4060-94A9-530E7404BABF} = {827E0CD3-B72D-47B6-A68D-7590B98EB39B}
	EndGlobalSection
EndGlobal
